
Microsoft Visual Studio Solution File, Format Version 12.00
# Visual Studio Version 17
VisualStudioVersion = 17.5.002.0
MinimumVisualStudioVersion = 10.0.40219.1
Project("{9A19103F-16F7-4668-BE54-9A1E7A4F7556}") = "eCommerce", "eCommerce.csproj", "{E0AABD51-FDEA-4CCF-9303-8C351EF5E47B}"
EndProject
Global
	GlobalSection(SolutionConfigurationPlatforms) = preSolution
		Debug|Any CPU = Debug|Any CPU
		Release|Any CPU = Release|Any CPU
	EndGlobalSection
	GlobalSection(ProjectConfigurationPlatforms) = postSolution
		{E0AABD51-FDEA-4CCF-9303-8C351EF5E47B}.Debug|Any CPU.ActiveCfg = Debug|Any CPU
		{E0AABD51-FDEA-4CCF-9303-8C351EF5E47B}.Debug|Any CPU.Build.0 = Debug|Any CPU
		{E0AABD51-FDEA-4CCF-9303-8C351EF5E47B}.Release|Any CPU.ActiveCfg = Release|Any CPU
		{E0AABD51-FDEA-4CCF-9303-8C351EF5E47B}.Release|Any CPU.Build.0 = Release|Any CPU
	EndGlobalSection
	GlobalSection(SolutionProperties) = preSolution
		HideSolutionNode = FALSE
	EndGlobalSection
	GlobalSection(ExtensibilityGlobals) = postSolution
		SolutionGuid = {80FB8154-852B-4229-97D7-2BAE603AA74D}
	EndGlobalSection
EndGlobal
